
Microsoft Visual Studio Solution File, Format Version 12.00
# Visual Studio Version 16
VisualStudioVersion = 16.0.30204.135
MinimumVisualStudioVersion = 10.0.40219.1
Project("{FAE04EC0-301F-11D3-BF4B-00C04F79EFBC}") = "ExtensionMethods", "ExtensionMethods\ExtensionMethods.csproj", "{A16E144B-3D48-4D2E-9567-393B4CBC653C}"
EndProject
Global
	GlobalSection(SolutionConfigurationPlatforms) = preSolution
		Debug|Any CPU = Debug|Any CPU
		Release|Any CPU = Release|Any CPU
	EndGlobalSection
	GlobalSection(ProjectConfigurationPlatforms) = postSolution
		{A16E144B-3D48-4D2E-9567-393B4CBC653C}.Debug|Any CPU.ActiveCfg = Debug|Any CPU
		{A16E144B-3D48-4D2E-9567-393B4CBC653C}.Debug|Any CPU.Build.0 = Debug|Any CPU
		{A16E144B-3D48-4D2E-9567-393B4CBC653C}.Release|Any CPU.ActiveCfg = Release|Any CPU
		{A16E144B-3D48-4D2E-9567-393B4CBC653C}.Release|Any CPU.Build.0 = Release|Any CPU
	EndGlobalSection
	GlobalSection(SolutionProperties) = preSolution
		HideSolutionNode = FALSE
	EndGlobalSection
	GlobalSection(ExtensibilityGlobals) = postSolution
		SolutionGuid = {AF1AD6BD-A1F1-4BDC-89F6-965493CB66B9}
	EndGlobalSection
EndGlobal
